
Microsoft Visual Studio Solution File, Format Version 12.00
# Visual Studio 15
VisualStudioVersion = 15.0.26430.13
MinimumVisualStudioVersion = 10.0.40219.1
Project("{FAE04EC0-301F-11D3-BF4B-00C04F79EFBC}") = "test.tasklist.WI", "test.tasklist.WI\test.tasklist.WI.csproj", "{4CA949B9-E551-49BB-A7C5-394CDFA6CDBE}"
EndProject
Project("{FAE04EC0-301F-11D3-BF4B-00C04F79EFBC}") = "test.tasklist.data", "test.tasklist.data\test.tasklist.data.csproj", "{2937A6F3-E814-4DCF-8CDF-F01510C85CC4}"
EndProject
Global
	GlobalSection(SolutionConfigurationPlatforms) = preSolution
		Debug|Any CPU = Debug|Any CPU
		Release|Any CPU = Release|Any CPU
	EndGlobalSection
	GlobalSection(ProjectConfigurationPlatforms) = postSolution
		{4CA949B9-E551-49BB-A7C5-394CDFA6CDBE}.Debug|Any CPU.ActiveCfg = Debug|Any CPU
		{4CA949B9-E551-49BB-A7C5-394CDFA6CDBE}.Debug|Any CPU.Build.0 = Debug|Any CPU
		{4CA949B9-E551-49BB-A7C5-394CDFA6CDBE}.Release|Any CPU.ActiveCfg = Release|Any CPU
		{4CA949B9-E551-49BB-A7C5-394CDFA6CDBE}.Release|Any CPU.Build.0 = Release|Any CPU
		{2937A6F3-E814-4DCF-8CDF-F01510C85CC4}.Debug|Any CPU.ActiveCfg = Debug|Any CPU
		{2937A6F3-E814-4DCF-8CDF-F01510C85CC4}.Debug|Any CPU.Build.0 = Debug|Any CPU
		{2937A6F3-E814-4DCF-8CDF-F01510C85CC4}.Release|Any CPU.ActiveCfg = Release|Any CPU
		{2937A6F3-E814-4DCF-8CDF-F01510C85CC4}.Release|Any CPU.Build.0 = Release|Any CPU
	EndGlobalSection
	GlobalSection(SolutionProperties) = preSolution
		HideSolutionNode = FALSE
	EndGlobalSection
EndGlobal
